{
  "nodes": {
    "nix": {
      "flake": false,
      "locked": {
        "lastModified": 1777922330,
        "narHash": "sha256-/tpykPgLAAwYqOmlMj4epEnjwSGyjMpSUp4xef3ZwtQ=",
        "owner": "NixOS",
        "repo": "nix",
        "rev": "8b3cb21f51658c68df924d46da94b19896dceb73",
        "type": "github"
      },
      "original": {
        "owner": "NixOS",
        "ref": "2.29-maintenance",
        "repo": "nix",
        "type": "github"
      }
    },
    "nix-eval-jobs": {
      "flake": false,
      "locked": {
        "lastModified": 1788345823,
        "narHash": "sha256-TcOW82SsUcE5cnNrWpNB8YOG8x+TTwgaRuQD4nJIENc=",
        "owner": "nix-community",
        "repo": "nix-eval-jobs",
        "rev": "11f75b43f7f5bafaf1551d08311034073e21de8a",
        "type": "github"
      },
      "original": {
        "owner": "nix-community",
        "repo": "nix-eval-jobs",
        "type": "github"
      }
    },
    "nixpkgs": {
      "locked": {
        "lastModified": 1767313136,
        "narHash": "sha256-16KkgfdYqjaeRGBaYsNrhPRRENs0qzkQVUooNHtoy2w=",
        "owner": "NixOS",
        "repo": "nixpkgs",
        "rev": "ac62194c3917d5f474c1a844b6fd6da2db95077d",
        "type": "github"
      },
      "original": {
        "owner": "NixOS",
        "ref": "nixos-25.05-small",
        "repo": "nixpkgs",
        "type": "github"
      }
    },
    "root": {
      "inputs": {
        "nix": "nix",
        "nix-eval-jobs": "nix-eval-jobs",
        "nixpkgs": "nixpkgs"
      }
    }
  },
  "root": "root",
  "version": 7
}
